# THIS IS AN AUTOGENERATED FILE. DO NOT EDIT THIS FILE DIRECTLY.
# yarn lockfile v1


"@elguilledev/pruebapaquetes@^0.1.1":
  version "0.0.1"
  resolved "https://npm.pkg.github.com/download/@elguilledev/pruebapaquetes/0.0.1/868b5adf97659df072d7d9895cd9f08cdfca4f62#868b5adf97659df072d7d9895cd9f08cdfca4f62"
  integrity sha512-z6I/uqulZOra7A38ohH1EN0HzpiLDnSuuSJBlRewD0EBXVPQuT9mW0kQ6PotK+ipbpXNDjfdi5QFGC9ZCoF2MQ==
